
Microsoft Visual Studio Solution File, Format Version 12.00
# Visual Studio Version 17
VisualStudioVersion = 17.6.33815.320
MinimumVisualStudioVersion = 10.0.40219.1
Project("{9A19103F-16F7-4668-BE54-9A1E7A4F7556}") = "Cloudea.Web", "Cloudea.Web\Cloudea.Web.csproj", "{FB84F973-666D-4431-A5CB-E867B025F746}"
EndProject
Project("{2150E333-8FDC-42A3-9474-1A3956D46DE8}") = "01 - Web", "01 - Web", "{67829578-1C35-4639-9D05-EF76D6507ED5}"
EndProject
Project("{2150E333-8FDC-42A3-9474-1A3956D46DE8}") = "03 - Service", "03 - Service", "{38C37412-E073-4F63-8694-80EE16F2D7EB}"
EndProject
Project("{2150E333-8FDC-42A3-9474-1A3956D46DE8}") = "04 - Data", "04 - Data", "{73D22F29-19EB-46A5-A037-59CB7AC9D577}"
EndProject
Project("{2150E333-8FDC-42A3-9474-1A3956D46DE8}") = "02 - Base", "02 - Base", "{41F74210-E3B2-4202-B2C0-7FDE09520D0E}"
EndProject
Project("{9A19103F-16F7-4668-BE54-9A1E7A4F7556}") = "Cloudea.MiniTest", "Cloudea.MiniTest\Cloudea.MiniTest.csproj", "{82EA78FD-938C-40EC-9D7B-546539C45BB1}"
EndProject
Project("{9A19103F-16F7-4668-BE54-9A1E7A4F7556}") = "Cloudea.Entity", "Cloudea.Entity\Cloudea.Entity.csproj", "{DDEA22AF-4345-4C7F-88A8-CDA098A66D59}"
EndProject
Project("{9A19103F-16F7-4668-BE54-9A1E7A4F7556}") = "Cloudea.Infrastructure", "Cloudea.Infrastructure\Cloudea.Infrastructure.csproj", "{FF7DA414-BEA2-4C76-906E-A2A1D8920F05}"
EndProject
Project("{9A19103F-16F7-4668-BE54-9A1E7A4F7556}") = "MyService", "MyService\MyService.csproj", "{CEEA1842-9626-45B0-9750-9ECF54E0A07A}"
EndProject
Project("{9A19103F-16F7-4668-BE54-9A1E7A4F7556}") = "Cloudea.Core", "Cloudea.Core\Cloudea.Core.csproj", "{084E8F54-9231-4C7F-B25A-2215A9E9FCBB}"
EndProject
Project("{2150E333-8FDC-42A3-9474-1A3956D46DE8}") = "10 - Test", "10 - Test", "{392EF7BD-81C6-415D-80FD-7B28C27D3346}"
EndProject
Project("{9A19103F-16F7-4668-BE54-9A1E7A4F7556}") = "dotnet5-webapi", "dotnet5-webapi\dotnet5-webapi.csproj", "{5262F059-E69E-461D-8992-E36B2D24B0B1}"
EndProject
Project("{FAE04EC0-301F-11D3-BF4B-00C04F79EFBC}") = "MiscTool", "MiscTool\MiscTool.csproj", "{ABB4B4F3-0591-4C62-A5DF-E84907802B15}"
EndProject
Global
	GlobalSection(SolutionConfigurationPlatforms) = preSolution
		Debug|Any CPU = Debug|Any CPU
		Release|Any CPU = Release|Any CPU
	EndGlobalSection
	GlobalSection(ProjectConfigurationPlatforms) = postSolution
		{FB84F973-666D-4431-A5CB-E867B025F746}.Debug|Any CPU.ActiveCfg = Debug|Any CPU
		{FB84F973-666D-4431-A5CB-E867B025F746}.Debug|Any CPU.Build.0 = Debug|Any CPU
		{FB84F973-666D-4431-A5CB-E867B025F746}.Release|Any CPU.ActiveCfg = Release|Any CPU
		{FB84F973-666D-4431-A5CB-E867B025F746}.Release|Any CPU.Build.0 = Release|Any CPU
		{82EA78FD-938C-40EC-9D7B-546539C45BB1}.Debug|Any CPU.ActiveCfg = Debug|Any CPU
		{82EA78FD-938C-40EC-9D7B-546539C45BB1}.Debug|Any CPU.Build.0 = Debug|Any CPU
		{82EA78FD-938C-40EC-9D7B-546539C45BB1}.Release|Any CPU.ActiveCfg = Release|Any CPU
		{82EA78FD-938C-40EC-9D7B-546539C45BB1}.Release|Any CPU.Build.0 = Release|Any CPU
		{DDEA22AF-4345-4C7F-88A8-CDA098A66D59}.Debug|Any CPU.ActiveCfg = Debug|Any CPU
		{DDEA22AF-4345-4C7F-88A8-CDA098A66D59}.Debug|Any CPU.Build.0 = Debug|Any CPU
		{DDEA22AF-4345-4C7F-88A8-CDA098A66D59}.Release|Any CPU.ActiveCfg = Release|Any CPU
		{DDEA22AF-4345-4C7F-88A8-CDA098A66D59}.Release|Any CPU.Build.0 = Release|Any CPU
		{FF7DA414-BEA2-4C76-906E-A2A1D8920F05}.Debug|Any CPU.ActiveCfg = Debug|Any CPU
		{FF7DA414-BEA2-4C76-906E-A2A1D8920F05}.Debug|Any CPU.Build.0 = Debug|Any CPU
		{FF7DA414-BEA2-4C76-906E-A2A1D8920F05}.Release|Any CPU.ActiveCfg = Release|Any CPU
		{FF7DA414-BEA2-4C76-906E-A2A1D8920F05}.Release|Any CPU.Build.0 = Release|Any CPU
		{CEEA1842-9626-45B0-9750-9ECF54E0A07A}.Debug|Any CPU.ActiveCfg = Debug|Any CPU
		{CEEA1842-9626-45B0-9750-9ECF54E0A07A}.Debug|Any CPU.Build.0 = Debug|Any CPU
		{CEEA1842-9626-45B0-9750-9ECF54E0A07A}.Release|Any CPU.ActiveCfg = Release|Any CPU
		{CEEA1842-9626-45B0-9750-9ECF54E0A07A}.Release|Any CPU.Build.0 = Release|Any CPU
		{084E8F54-9231-4C7F-B25A-2215A9E9FCBB}.Debug|Any CPU.ActiveCfg = Debug|Any CPU
		{084E8F54-9231-4C7F-B25A-2215A9E9FCBB}.Debug|Any CPU.Build.0 = Debug|Any CPU
		{084E8F54-9231-4C7F-B25A-2215A9E9FCBB}.Release|Any CPU.ActiveCfg = Release|Any CPU
		{084E8F54-9231-4C7F-B25A-2215A9E9FCBB}.Release|Any CPU.Build.0 = Release|Any CPU
		{5262F059-E69E-461D-8992-E36B2D24B0B1}.Debug|Any CPU.ActiveCfg = Debug|Any CPU
		{5262F059-E69E-461D-8992-E36B2D24B0B1}.Debug|Any CPU.Build.0 = Debug|Any CPU
		{5262F059-E69E-461D-8992-E36B2D24B0B1}.Release|Any CPU.ActiveCfg = Release|Any CPU
		{5262F059-E69E-461D-8992-E36B2D24B0B1}.Release|Any CPU.Build.0 = Release|Any CPU
		{ABB4B4F3-0591-4C62-A5DF-E84907802B15}.Debug|Any CPU.ActiveCfg = Debug|Any CPU
		{ABB4B4F3-0591-4C62-A5DF-E84907802B15}.Debug|Any CPU.Build.0 = Debug|Any CPU
		{ABB4B4F3-0591-4C62-A5DF-E84907802B15}.Release|Any CPU.ActiveCfg = Release|Any CPU
		{ABB4B4F3-0591-4C62-A5DF-E84907802B15}.Release|Any CPU.Build.0 = Release|Any CPU
	EndGlobalSection
	GlobalSection(SolutionProperties) = preSolution
		HideSolutionNode = FALSE
	EndGlobalSection
	GlobalSection(NestedProjects) = preSolution
		{FB84F973-666D-4431-A5CB-E867B025F746} = {67829578-1C35-4639-9D05-EF76D6507ED5}
		{82EA78FD-938C-40EC-9D7B-546539C45BB1} = {41F74210-E3B2-4202-B2C0-7FDE09520D0E}
		{DDEA22AF-4345-4C7F-88A8-CDA098A66D59} = {73D22F29-19EB-46A5-A037-59CB7AC9D577}
		{FF7DA414-BEA2-4C76-906E-A2A1D8920F05} = {41F74210-E3B2-4202-B2C0-7FDE09520D0E}
		{CEEA1842-9626-45B0-9750-9ECF54E0A07A} = {38C37412-E073-4F63-8694-80EE16F2D7EB}
		{084E8F54-9231-4C7F-B25A-2215A9E9FCBB} = {41F74210-E3B2-4202-B2C0-7FDE09520D0E}
		{5262F059-E69E-461D-8992-E36B2D24B0B1} = {392EF7BD-81C6-415D-80FD-7B28C27D3346}
		{ABB4B4F3-0591-4C62-A5DF-E84907802B15} = {38C37412-E073-4F63-8694-80EE16F2D7EB}
	EndGlobalSection
	GlobalSection(ExtensibilityGlobals) = postSolution
		SolutionGuid = {90FBFF38-D36E-4A20-A675-C21D9F0462C5}
	EndGlobalSection
EndGlobal
