
Microsoft Visual Studio Solution File, Format Version 12.00
# Visual Studio Version 17
VisualStudioVersion = 17.6.33815.320
MinimumVisualStudioVersion = 10.0.40219.1
Project("{9A19103F-16F7-4668-BE54-9A1E7A4F7556}") = "Cloudea.Web", "Cloudea.Web\Cloudea.Web.csproj", "{FB84F973-666D-4431-A5CB-E867B025F746}"
EndProject
Project("{9A19103F-16F7-4668-BE54-9A1E7A4F7556}") = "Cloudea.Service.Book", "Cloudea.BookShelf\Cloudea.Service.Book.csproj", "{685D6D35-8285-4EB2-8788-ACE193A36626}"
EndProject
Project("{2150E333-8FDC-42A3-9474-1A3956D46DE8}") = "src", "src", "{E6B1532C-5DDD-4901-9E64-1FE7AC6C9A68}"
EndProject
Project("{9A19103F-16F7-4668-BE54-9A1E7A4F7556}") = "Cloudea.Service.File", "Cloudea.Service.File.Domain\Cloudea.Service.File.csproj", "{9B697D19-A3F5-4F93-B30C-893668766218}"
EndProject
Project("{9A19103F-16F7-4668-BE54-9A1E7A4F7556}") = "Cloudea.Service.Auth", "Cloudea.Service.Authentication.Domain\Cloudea.Service.Auth.csproj", "{5DE5D756-474A-4286-AEC2-8339656D6797}"
EndProject
Project("{9A19103F-16F7-4668-BE54-9A1E7A4F7556}") = "Cloudea.Service.HubTest", "Cloudea.Service.Hub\Cloudea.Service.HubTest.csproj", "{A823170D-A928-4061-917F-23F14470ED3C}"
EndProject
Project("{9A19103F-16F7-4668-BE54-9A1E7A4F7556}") = "Cloudea.Service.Forum", "Cloudea.Service.Forum\Cloudea.Service.Forum.csproj", "{B1387A40-69B4-4ED7-9089-3A7AC65C3E37}"
EndProject
Project("{9A19103F-16F7-4668-BE54-9A1E7A4F7556}") = "Cloudea.Service.GameHelper", "Cloudea.GameHelper\Cloudea.Service.GameHelper.csproj", "{7890541E-5B46-43E7-9F11-DF995DD70A5E}"
EndProject
Project("{9A19103F-16F7-4668-BE54-9A1E7A4F7556}") = "Cloudea.Persistence", "Cloudea.Persistence\Cloudea.Persistence.csproj", "{F2DAB7D1-1346-4C19-98B6-7C9082C1B04C}"
EndProject
Project("{9A19103F-16F7-4668-BE54-9A1E7A4F7556}") = "Cloudea.Application", "Cloudea.Application\Cloudea.Application.csproj", "{121C3EE3-E795-4E79-8F1A-22BB3BE4EED4}"
EndProject
Project("{9A19103F-16F7-4668-BE54-9A1E7A4F7556}") = "Cloudea.Infrastructure", "Cloudea.Infrastructure\Cloudea.Infrastructure.csproj", "{3AB6FE6D-0E53-415F-AAA5-00D4C4E33B47}"
EndProject
Project("{9A19103F-16F7-4668-BE54-9A1E7A4F7556}") = "Cloudea.Service.Base", "Cloudea.BaseTool\Cloudea.Service.Base.csproj", "{F07FE0D3-874A-4620-8247-043BE4D7F3BF}"
EndProject
Project("{FAE04EC0-301F-11D3-BF4B-00C04F79EFBC}") = "Cloudea.Domain.Infrastructure", "Cloudea.Domain.Infrastructure\Cloudea.Domain.Infrastructure.csproj", "{D8CA92CE-A75D-4DD9-8036-73CBE080EB81}"
EndProject
Global
	GlobalSection(SolutionConfigurationPlatforms) = preSolution
		Debug|Any CPU = Debug|Any CPU
		Release|Any CPU = Release|Any CPU
	EndGlobalSection
	GlobalSection(ProjectConfigurationPlatforms) = postSolution
		{FB84F973-666D-4431-A5CB-E867B025F746}.Debug|Any CPU.ActiveCfg = Debug|Any CPU
		{FB84F973-666D-4431-A5CB-E867B025F746}.Debug|Any CPU.Build.0 = Debug|Any CPU
		{FB84F973-666D-4431-A5CB-E867B025F746}.Release|Any CPU.ActiveCfg = Release|Any CPU
		{FB84F973-666D-4431-A5CB-E867B025F746}.Release|Any CPU.Build.0 = Release|Any CPU
		{685D6D35-8285-4EB2-8788-ACE193A36626}.Debug|Any CPU.ActiveCfg = Debug|Any CPU
		{685D6D35-8285-4EB2-8788-ACE193A36626}.Debug|Any CPU.Build.0 = Debug|Any CPU
		{685D6D35-8285-4EB2-8788-ACE193A36626}.Release|Any CPU.ActiveCfg = Release|Any CPU
		{685D6D35-8285-4EB2-8788-ACE193A36626}.Release|Any CPU.Build.0 = Release|Any CPU
		{9B697D19-A3F5-4F93-B30C-893668766218}.Debug|Any CPU.ActiveCfg = Debug|Any CPU
		{9B697D19-A3F5-4F93-B30C-893668766218}.Debug|Any CPU.Build.0 = Debug|Any CPU
		{9B697D19-A3F5-4F93-B30C-893668766218}.Release|Any CPU.ActiveCfg = Release|Any CPU
		{9B697D19-A3F5-4F93-B30C-893668766218}.Release|Any CPU.Build.0 = Release|Any CPU
		{5DE5D756-474A-4286-AEC2-8339656D6797}.Debug|Any CPU.ActiveCfg = Debug|Any CPU
		{5DE5D756-474A-4286-AEC2-8339656D6797}.Debug|Any CPU.Build.0 = Debug|Any CPU
		{5DE5D756-474A-4286-AEC2-8339656D6797}.Release|Any CPU.ActiveCfg = Release|Any CPU
		{5DE5D756-474A-4286-AEC2-8339656D6797}.Release|Any CPU.Build.0 = Release|Any CPU
		{A823170D-A928-4061-917F-23F14470ED3C}.Debug|Any CPU.ActiveCfg = Debug|Any CPU
		{A823170D-A928-4061-917F-23F14470ED3C}.Debug|Any CPU.Build.0 = Debug|Any CPU
		{A823170D-A928-4061-917F-23F14470ED3C}.Release|Any CPU.ActiveCfg = Release|Any CPU
		{A823170D-A928-4061-917F-23F14470ED3C}.Release|Any CPU.Build.0 = Release|Any CPU
		{B1387A40-69B4-4ED7-9089-3A7AC65C3E37}.Debug|Any CPU.ActiveCfg = Debug|Any CPU
		{B1387A40-69B4-4ED7-9089-3A7AC65C3E37}.Debug|Any CPU.Build.0 = Debug|Any CPU
		{B1387A40-69B4-4ED7-9089-3A7AC65C3E37}.Release|Any CPU.ActiveCfg = Release|Any CPU
		{B1387A40-69B4-4ED7-9089-3A7AC65C3E37}.Release|Any CPU.Build.0 = Release|Any CPU
		{7890541E-5B46-43E7-9F11-DF995DD70A5E}.Debug|Any CPU.ActiveCfg = Debug|Any CPU
		{7890541E-5B46-43E7-9F11-DF995DD70A5E}.Debug|Any CPU.Build.0 = Debug|Any CPU
		{7890541E-5B46-43E7-9F11-DF995DD70A5E}.Release|Any CPU.ActiveCfg = Release|Any CPU
		{7890541E-5B46-43E7-9F11-DF995DD70A5E}.Release|Any CPU.Build.0 = Release|Any CPU
		{F2DAB7D1-1346-4C19-98B6-7C9082C1B04C}.Debug|Any CPU.ActiveCfg = Debug|Any CPU
		{F2DAB7D1-1346-4C19-98B6-7C9082C1B04C}.Debug|Any CPU.Build.0 = Debug|Any CPU
		{F2DAB7D1-1346-4C19-98B6-7C9082C1B04C}.Release|Any CPU.ActiveCfg = Release|Any CPU
		{F2DAB7D1-1346-4C19-98B6-7C9082C1B04C}.Release|Any CPU.Build.0 = Release|Any CPU
		{121C3EE3-E795-4E79-8F1A-22BB3BE4EED4}.Debug|Any CPU.ActiveCfg = Debug|Any CPU
		{121C3EE3-E795-4E79-8F1A-22BB3BE4EED4}.Debug|Any CPU.Build.0 = Debug|Any CPU
		{121C3EE3-E795-4E79-8F1A-22BB3BE4EED4}.Release|Any CPU.ActiveCfg = Release|Any CPU
		{121C3EE3-E795-4E79-8F1A-22BB3BE4EED4}.Release|Any CPU.Build.0 = Release|Any CPU
		{3AB6FE6D-0E53-415F-AAA5-00D4C4E33B47}.Debug|Any CPU.ActiveCfg = Debug|Any CPU
		{3AB6FE6D-0E53-415F-AAA5-00D4C4E33B47}.Debug|Any CPU.Build.0 = Debug|Any CPU
		{3AB6FE6D-0E53-415F-AAA5-00D4C4E33B47}.Release|Any CPU.ActiveCfg = Release|Any CPU
		{3AB6FE6D-0E53-415F-AAA5-00D4C4E33B47}.Release|Any CPU.Build.0 = Release|Any CPU
		{F07FE0D3-874A-4620-8247-043BE4D7F3BF}.Debug|Any CPU.ActiveCfg = Debug|Any CPU
		{F07FE0D3-874A-4620-8247-043BE4D7F3BF}.Debug|Any CPU.Build.0 = Debug|Any CPU
		{F07FE0D3-874A-4620-8247-043BE4D7F3BF}.Release|Any CPU.ActiveCfg = Release|Any CPU
		{F07FE0D3-874A-4620-8247-043BE4D7F3BF}.Release|Any CPU.Build.0 = Release|Any CPU
		{D8CA92CE-A75D-4DD9-8036-73CBE080EB81}.Debug|Any CPU.ActiveCfg = Debug|Any CPU
		{D8CA92CE-A75D-4DD9-8036-73CBE080EB81}.Debug|Any CPU.Build.0 = Debug|Any CPU
		{D8CA92CE-A75D-4DD9-8036-73CBE080EB81}.Release|Any CPU.ActiveCfg = Release|Any CPU
		{D8CA92CE-A75D-4DD9-8036-73CBE080EB81}.Release|Any CPU.Build.0 = Release|Any CPU
	EndGlobalSection
	GlobalSection(SolutionProperties) = preSolution
		HideSolutionNode = FALSE
	EndGlobalSection
	GlobalSection(NestedProjects) = preSolution
		{FB84F973-666D-4431-A5CB-E867B025F746} = {E6B1532C-5DDD-4901-9E64-1FE7AC6C9A68}
		{685D6D35-8285-4EB2-8788-ACE193A36626} = {E6B1532C-5DDD-4901-9E64-1FE7AC6C9A68}
		{9B697D19-A3F5-4F93-B30C-893668766218} = {E6B1532C-5DDD-4901-9E64-1FE7AC6C9A68}
		{5DE5D756-474A-4286-AEC2-8339656D6797} = {E6B1532C-5DDD-4901-9E64-1FE7AC6C9A68}
		{A823170D-A928-4061-917F-23F14470ED3C} = {E6B1532C-5DDD-4901-9E64-1FE7AC6C9A68}
		{B1387A40-69B4-4ED7-9089-3A7AC65C3E37} = {E6B1532C-5DDD-4901-9E64-1FE7AC6C9A68}
		{7890541E-5B46-43E7-9F11-DF995DD70A5E} = {E6B1532C-5DDD-4901-9E64-1FE7AC6C9A68}
		{F2DAB7D1-1346-4C19-98B6-7C9082C1B04C} = {E6B1532C-5DDD-4901-9E64-1FE7AC6C9A68}
		{121C3EE3-E795-4E79-8F1A-22BB3BE4EED4} = {E6B1532C-5DDD-4901-9E64-1FE7AC6C9A68}
		{3AB6FE6D-0E53-415F-AAA5-00D4C4E33B47} = {E6B1532C-5DDD-4901-9E64-1FE7AC6C9A68}
		{F07FE0D3-874A-4620-8247-043BE4D7F3BF} = {E6B1532C-5DDD-4901-9E64-1FE7AC6C9A68}
		{D8CA92CE-A75D-4DD9-8036-73CBE080EB81} = {E6B1532C-5DDD-4901-9E64-1FE7AC6C9A68}
	EndGlobalSection
	GlobalSection(ExtensibilityGlobals) = postSolution
		SolutionGuid = {90FBFF38-D36E-4A20-A675-C21D9F0462C5}
	EndGlobalSection
EndGlobal
