
Microsoft Visual Studio Solution File, Format Version 12.00
# Visual Studio Version 17
VisualStudioVersion = 17.6.33815.320
MinimumVisualStudioVersion = 10.0.40219.1
Project("{9A19103F-16F7-4668-BE54-9A1E7A4F7556}") = "Cloudea.Web", "Cloudea.Web\Cloudea.Web.csproj", "{FB84F973-666D-4431-A5CB-E867B025F746}"
EndProject
Project("{2150E333-8FDC-42A3-9474-1A3956D46DE8}") = "01 - Web", "01 - Web", "{67829578-1C35-4639-9D05-EF76D6507ED5}"
EndProject
Project("{2150E333-8FDC-42A3-9474-1A3956D46DE8}") = "03 - Module", "03 - Module", "{38C37412-E073-4F63-8694-80EE16F2D7EB}"
EndProject
Project("{2150E333-8FDC-42A3-9474-1A3956D46DE8}") = "04 - Entity", "04 - Entity", "{73D22F29-19EB-46A5-A037-59CB7AC9D577}"
EndProject
Project("{2150E333-8FDC-42A3-9474-1A3956D46DE8}") = "02 - Base", "02 - Base", "{41F74210-E3B2-4202-B2C0-7FDE09520D0E}"
EndProject
Project("{9A19103F-16F7-4668-BE54-9A1E7A4F7556}") = "Cloudea.Entity", "Cloudea.Entity\Cloudea.Entity.csproj", "{DDEA22AF-4345-4C7F-88A8-CDA098A66D59}"
EndProject
Project("{9A19103F-16F7-4668-BE54-9A1E7A4F7556}") = "Cloudea.Infrastructure", "Cloudea.Infrastructure\Cloudea.Infrastructure.csproj", "{FF7DA414-BEA2-4C76-906E-A2A1D8920F05}"
EndProject
Project("{9A19103F-16F7-4668-BE54-9A1E7A4F7556}") = "Cloudea.Core", "Cloudea.Core\Cloudea.Core.csproj", "{084E8F54-9231-4C7F-B25A-2215A9E9FCBB}"
EndProject
Project("{9A19103F-16F7-4668-BE54-9A1E7A4F7556}") = "Cloudea.MiscTool", "Cloudea.MiscTool\Cloudea.MiscTool.csproj", "{8C1146E4-9EB5-4E0B-B04D-3EC896D06FA3}"
EndProject
Project("{9A19103F-16F7-4668-BE54-9A1E7A4F7556}") = "Cloudea.MyService", "Cloudea.MyService\Cloudea.MyService.csproj", "{BEED79F0-F141-4939-A9F7-762A860FE1A3}"
EndProject
Project("{9A19103F-16F7-4668-BE54-9A1E7A4F7556}") = "Cloudea.WebTest", "Cloudea.WebTest\Cloudea.WebTest.csproj", "{3EFBDEC9-5B06-4D0A-B560-150925BD7FA3}"
EndProject
Project("{9A19103F-16F7-4668-BE54-9A1E7A4F7556}") = "Cloudea.GameHelper", "Cloudea.GameHelper\Cloudea.GameHelper.csproj", "{368D1B45-C30C-41C9-808C-8D8A9E936181}"
EndProject
Project("{9A19103F-16F7-4668-BE54-9A1E7A4F7556}") = "Cloudea.SystemTool", "Cloudea.SystemTool\Cloudea.SystemTool.csproj", "{71878DF5-3AAC-4112-AB25-16DC29659C72}"
EndProject
Project("{2150E333-8FDC-42A3-9474-1A3956D46DE8}") = "05 - Demo", "05 - Demo", "{27A308F7-CA93-43CE-A5DD-C4E3DA900743}"
EndProject
Project("{9A19103F-16F7-4668-BE54-9A1E7A4F7556}") = "Cloudea.WebProxy", "Cloudea.WebProxy\Cloudea.WebProxy.csproj", "{3C0C6541-7688-4FE7-8BE8-FD3E74396067}"
EndProject
Project("{9A19103F-16F7-4668-BE54-9A1E7A4F7556}") = "Cloudea.HttpModel", "Cloudea.HttpModel\Cloudea.HttpModel.csproj", "{A4370639-AF44-4847-83EA-1156395163D8}"
EndProject
Project("{9A19103F-16F7-4668-BE54-9A1E7A4F7556}") = "Cloudea.Account", "Cloudea.Account\Cloudea.Account.csproj", "{FF5DE7B3-2BDA-4045-A74F-EDCDF0831266}"
EndProject
Project("{FAE04EC0-301F-11D3-BF4B-00C04F79EFBC}") = "FilterAndMidWare", "FilterAndMidWare\FilterAndMidWare.csproj", "{79426AE7-E118-488E-8C82-002DD23E0453}"
EndProject
Project("{FAE04EC0-301F-11D3-BF4B-00C04F79EFBC}") = "Identity", "Identity\Identity.csproj", "{5C26FA12-9446-4C70-823D-ED2BFCB827D4}"
EndProject
Global
	GlobalSection(SolutionConfigurationPlatforms) = preSolution
		Debug|Any CPU = Debug|Any CPU
		Release|Any CPU = Release|Any CPU
	EndGlobalSection
	GlobalSection(ProjectConfigurationPlatforms) = postSolution
		{FB84F973-666D-4431-A5CB-E867B025F746}.Debug|Any CPU.ActiveCfg = Debug|Any CPU
		{FB84F973-666D-4431-A5CB-E867B025F746}.Debug|Any CPU.Build.0 = Debug|Any CPU
		{FB84F973-666D-4431-A5CB-E867B025F746}.Release|Any CPU.ActiveCfg = Release|Any CPU
		{FB84F973-666D-4431-A5CB-E867B025F746}.Release|Any CPU.Build.0 = Release|Any CPU
		{DDEA22AF-4345-4C7F-88A8-CDA098A66D59}.Debug|Any CPU.ActiveCfg = Debug|Any CPU
		{DDEA22AF-4345-4C7F-88A8-CDA098A66D59}.Debug|Any CPU.Build.0 = Debug|Any CPU
		{DDEA22AF-4345-4C7F-88A8-CDA098A66D59}.Release|Any CPU.ActiveCfg = Release|Any CPU
		{DDEA22AF-4345-4C7F-88A8-CDA098A66D59}.Release|Any CPU.Build.0 = Release|Any CPU
		{FF7DA414-BEA2-4C76-906E-A2A1D8920F05}.Debug|Any CPU.ActiveCfg = Debug|Any CPU
		{FF7DA414-BEA2-4C76-906E-A2A1D8920F05}.Debug|Any CPU.Build.0 = Debug|Any CPU
		{FF7DA414-BEA2-4C76-906E-A2A1D8920F05}.Release|Any CPU.ActiveCfg = Release|Any CPU
		{FF7DA414-BEA2-4C76-906E-A2A1D8920F05}.Release|Any CPU.Build.0 = Release|Any CPU
		{084E8F54-9231-4C7F-B25A-2215A9E9FCBB}.Debug|Any CPU.ActiveCfg = Debug|Any CPU
		{084E8F54-9231-4C7F-B25A-2215A9E9FCBB}.Debug|Any CPU.Build.0 = Debug|Any CPU
		{084E8F54-9231-4C7F-B25A-2215A9E9FCBB}.Release|Any CPU.ActiveCfg = Release|Any CPU
		{084E8F54-9231-4C7F-B25A-2215A9E9FCBB}.Release|Any CPU.Build.0 = Release|Any CPU
		{8C1146E4-9EB5-4E0B-B04D-3EC896D06FA3}.Debug|Any CPU.ActiveCfg = Debug|Any CPU
		{8C1146E4-9EB5-4E0B-B04D-3EC896D06FA3}.Debug|Any CPU.Build.0 = Debug|Any CPU
		{8C1146E4-9EB5-4E0B-B04D-3EC896D06FA3}.Release|Any CPU.ActiveCfg = Release|Any CPU
		{8C1146E4-9EB5-4E0B-B04D-3EC896D06FA3}.Release|Any CPU.Build.0 = Release|Any CPU
		{BEED79F0-F141-4939-A9F7-762A860FE1A3}.Debug|Any CPU.ActiveCfg = Debug|Any CPU
		{BEED79F0-F141-4939-A9F7-762A860FE1A3}.Debug|Any CPU.Build.0 = Debug|Any CPU
		{BEED79F0-F141-4939-A9F7-762A860FE1A3}.Release|Any CPU.ActiveCfg = Release|Any CPU
		{BEED79F0-F141-4939-A9F7-762A860FE1A3}.Release|Any CPU.Build.0 = Release|Any CPU
		{3EFBDEC9-5B06-4D0A-B560-150925BD7FA3}.Debug|Any CPU.ActiveCfg = Debug|Any CPU
		{3EFBDEC9-5B06-4D0A-B560-150925BD7FA3}.Debug|Any CPU.Build.0 = Debug|Any CPU
		{3EFBDEC9-5B06-4D0A-B560-150925BD7FA3}.Release|Any CPU.ActiveCfg = Release|Any CPU
		{3EFBDEC9-5B06-4D0A-B560-150925BD7FA3}.Release|Any CPU.Build.0 = Release|Any CPU
		{368D1B45-C30C-41C9-808C-8D8A9E936181}.Debug|Any CPU.ActiveCfg = Debug|Any CPU
		{368D1B45-C30C-41C9-808C-8D8A9E936181}.Debug|Any CPU.Build.0 = Debug|Any CPU
		{368D1B45-C30C-41C9-808C-8D8A9E936181}.Release|Any CPU.ActiveCfg = Release|Any CPU
		{368D1B45-C30C-41C9-808C-8D8A9E936181}.Release|Any CPU.Build.0 = Release|Any CPU
		{71878DF5-3AAC-4112-AB25-16DC29659C72}.Debug|Any CPU.ActiveCfg = Debug|Any CPU
		{71878DF5-3AAC-4112-AB25-16DC29659C72}.Debug|Any CPU.Build.0 = Debug|Any CPU
		{71878DF5-3AAC-4112-AB25-16DC29659C72}.Release|Any CPU.ActiveCfg = Release|Any CPU
		{71878DF5-3AAC-4112-AB25-16DC29659C72}.Release|Any CPU.Build.0 = Release|Any CPU
		{3C0C6541-7688-4FE7-8BE8-FD3E74396067}.Debug|Any CPU.ActiveCfg = Debug|Any CPU
		{3C0C6541-7688-4FE7-8BE8-FD3E74396067}.Debug|Any CPU.Build.0 = Debug|Any CPU
		{3C0C6541-7688-4FE7-8BE8-FD3E74396067}.Release|Any CPU.ActiveCfg = Release|Any CPU
		{3C0C6541-7688-4FE7-8BE8-FD3E74396067}.Release|Any CPU.Build.0 = Release|Any CPU
		{A4370639-AF44-4847-83EA-1156395163D8}.Debug|Any CPU.ActiveCfg = Debug|Any CPU
		{A4370639-AF44-4847-83EA-1156395163D8}.Debug|Any CPU.Build.0 = Debug|Any CPU
		{A4370639-AF44-4847-83EA-1156395163D8}.Release|Any CPU.ActiveCfg = Release|Any CPU
		{A4370639-AF44-4847-83EA-1156395163D8}.Release|Any CPU.Build.0 = Release|Any CPU
		{FF5DE7B3-2BDA-4045-A74F-EDCDF0831266}.Debug|Any CPU.ActiveCfg = Debug|Any CPU
		{FF5DE7B3-2BDA-4045-A74F-EDCDF0831266}.Debug|Any CPU.Build.0 = Debug|Any CPU
		{FF5DE7B3-2BDA-4045-A74F-EDCDF0831266}.Release|Any CPU.ActiveCfg = Release|Any CPU
		{FF5DE7B3-2BDA-4045-A74F-EDCDF0831266}.Release|Any CPU.Build.0 = Release|Any CPU
		{79426AE7-E118-488E-8C82-002DD23E0453}.Debug|Any CPU.ActiveCfg = Debug|Any CPU
		{79426AE7-E118-488E-8C82-002DD23E0453}.Debug|Any CPU.Build.0 = Debug|Any CPU
		{79426AE7-E118-488E-8C82-002DD23E0453}.Release|Any CPU.ActiveCfg = Release|Any CPU
		{79426AE7-E118-488E-8C82-002DD23E0453}.Release|Any CPU.Build.0 = Release|Any CPU
		{5C26FA12-9446-4C70-823D-ED2BFCB827D4}.Debug|Any CPU.ActiveCfg = Debug|Any CPU
		{5C26FA12-9446-4C70-823D-ED2BFCB827D4}.Debug|Any CPU.Build.0 = Debug|Any CPU
		{5C26FA12-9446-4C70-823D-ED2BFCB827D4}.Release|Any CPU.ActiveCfg = Release|Any CPU
		{5C26FA12-9446-4C70-823D-ED2BFCB827D4}.Release|Any CPU.Build.0 = Release|Any CPU
	EndGlobalSection
	GlobalSection(SolutionProperties) = preSolution
		HideSolutionNode = FALSE
	EndGlobalSection
	GlobalSection(NestedProjects) = preSolution
		{FB84F973-666D-4431-A5CB-E867B025F746} = {67829578-1C35-4639-9D05-EF76D6507ED5}
		{DDEA22AF-4345-4C7F-88A8-CDA098A66D59} = {73D22F29-19EB-46A5-A037-59CB7AC9D577}
		{FF7DA414-BEA2-4C76-906E-A2A1D8920F05} = {41F74210-E3B2-4202-B2C0-7FDE09520D0E}
		{084E8F54-9231-4C7F-B25A-2215A9E9FCBB} = {41F74210-E3B2-4202-B2C0-7FDE09520D0E}
		{8C1146E4-9EB5-4E0B-B04D-3EC896D06FA3} = {38C37412-E073-4F63-8694-80EE16F2D7EB}
		{BEED79F0-F141-4939-A9F7-762A860FE1A3} = {38C37412-E073-4F63-8694-80EE16F2D7EB}
		{3EFBDEC9-5B06-4D0A-B560-150925BD7FA3} = {27A308F7-CA93-43CE-A5DD-C4E3DA900743}
		{368D1B45-C30C-41C9-808C-8D8A9E936181} = {38C37412-E073-4F63-8694-80EE16F2D7EB}
		{71878DF5-3AAC-4112-AB25-16DC29659C72} = {38C37412-E073-4F63-8694-80EE16F2D7EB}
		{3C0C6541-7688-4FE7-8BE8-FD3E74396067} = {67829578-1C35-4639-9D05-EF76D6507ED5}
		{A4370639-AF44-4847-83EA-1156395163D8} = {73D22F29-19EB-46A5-A037-59CB7AC9D577}
		{FF5DE7B3-2BDA-4045-A74F-EDCDF0831266} = {38C37412-E073-4F63-8694-80EE16F2D7EB}
		{79426AE7-E118-488E-8C82-002DD23E0453} = {27A308F7-CA93-43CE-A5DD-C4E3DA900743}
		{5C26FA12-9446-4C70-823D-ED2BFCB827D4} = {27A308F7-CA93-43CE-A5DD-C4E3DA900743}
	EndGlobalSection
	GlobalSection(ExtensibilityGlobals) = postSolution
		SolutionGuid = {90FBFF38-D36E-4A20-A675-C21D9F0462C5}
	EndGlobalSection
EndGlobal
